
Microsoft Visual Studio Solution File, Format Version 12.00
# Visual Studio Version 17
VisualStudioVersion = 17.12.35707.178
MinimumVisualStudioVersion = 10.0.40219.1
Project("{FAE04EC0-301F-11D3-BF4B-00C04F79EFBC}") = "TaxReturnAPI", "TaxReturnAPI\TaxReturnAPI.csproj", "{5EC6D81F-CD7B-471B-9070-A74A7A0A5E3B}"
EndProject
Project("{FAE04EC0-301F-11D3-BF4B-00C04F79EFBC}") = "Tax.DataTransferring", "ClassLibrary1\Tax.DataTransferring.csproj", "{58CCC045-450B-4C19-81A2-AF4BDE4BDF99}"
EndProject
Project("{2150E333-8FDC-42A3-9474-1A3956D46DE8}") = "BusinessLogic", "BusinessLogic", "{8B62F3F2-32D0-4C2F-8431-FC5BACF2CA44}"
EndProject
Project("{2150E333-8FDC-42A3-9474-1A3956D46DE8}") = "WebAPI", "WebAPI", "{D9D59447-935D-486B-88E3-E60B844B4D61}"
EndProject
Project("{FAE04EC0-301F-11D3-BF4B-00C04F79EFBC}") = "Tax.Services", "Tax.Services\Tax.Services.csproj", "{AB33B2AA-E994-40A8-A281-1D0D3A390A9F}"
EndProject
Project("{FAE04EC0-301F-11D3-BF4B-00C04F79EFBC}") = "Tax.Services.Implementations", "Tax.Services.Implementations\Tax.Services.Implementations.csproj", "{2EF1EDC1-950C-4887-92BD-05E324D41DC2}"
EndProject
Project("{FAE04EC0-301F-11D3-BF4B-00C04F79EFBC}") = "Tax.DataTransferring.Entities.Mapping", "Tax.DataTransferring.Entities.Mapping\Tax.DataTransferring.Entities.Mapping.csproj", "{01E1710F-56DE-4166-8600-52B270DC7806}"
EndProject
Project("{FAE04EC0-301F-11D3-BF4B-00C04F79EFBC}") = "Tax.Entities", "Tax.Entities\Tax.Entities.csproj", "{56AE4394-B7BA-457E-B847-9D7F48DF454D}"
EndProject
Project("{FAE04EC0-301F-11D3-BF4B-00C04F79EFBC}") = "Tax.Services.Implementations.IoC", "Tax.Services.Implementations.IoC\Tax.Services.Implementations.IoC.csproj", "{3597B479-2A9A-4052-B0BE-DB181BFD28AA}"
EndProject
Global
	GlobalSection(SolutionConfigurationPlatforms) = preSolution
		Debug|Any CPU = Debug|Any CPU
		Release|Any CPU = Release|Any CPU
	EndGlobalSection
	GlobalSection(ProjectConfigurationPlatforms) = postSolution
		{5EC6D81F-CD7B-471B-9070-A74A7A0A5E3B}.Debug|Any CPU.ActiveCfg = Debug|Any CPU
		{5EC6D81F-CD7B-471B-9070-A74A7A0A5E3B}.Debug|Any CPU.Build.0 = Debug|Any CPU
		{5EC6D81F-CD7B-471B-9070-A74A7A0A5E3B}.Release|Any CPU.ActiveCfg = Release|Any CPU
		{5EC6D81F-CD7B-471B-9070-A74A7A0A5E3B}.Release|Any CPU.Build.0 = Release|Any CPU
		{58CCC045-450B-4C19-81A2-AF4BDE4BDF99}.Debug|Any CPU.ActiveCfg = Debug|Any CPU
		{58CCC045-450B-4C19-81A2-AF4BDE4BDF99}.Debug|Any CPU.Build.0 = Debug|Any CPU
		{58CCC045-450B-4C19-81A2-AF4BDE4BDF99}.Release|Any CPU.ActiveCfg = Release|Any CPU
		{58CCC045-450B-4C19-81A2-AF4BDE4BDF99}.Release|Any CPU.Build.0 = Release|Any CPU
		{AB33B2AA-E994-40A8-A281-1D0D3A390A9F}.Debug|Any CPU.ActiveCfg = Debug|Any CPU
		{AB33B2AA-E994-40A8-A281-1D0D3A390A9F}.Debug|Any CPU.Build.0 = Debug|Any CPU
		{AB33B2AA-E994-40A8-A281-1D0D3A390A9F}.Release|Any CPU.ActiveCfg = Release|Any CPU
		{AB33B2AA-E994-40A8-A281-1D0D3A390A9F}.Release|Any CPU.Build.0 = Release|Any CPU
		{2EF1EDC1-950C-4887-92BD-05E324D41DC2}.Debug|Any CPU.ActiveCfg = Debug|Any CPU
		{2EF1EDC1-950C-4887-92BD-05E324D41DC2}.Debug|Any CPU.Build.0 = Debug|Any CPU
		{2EF1EDC1-950C-4887-92BD-05E324D41DC2}.Release|Any CPU.ActiveCfg = Release|Any CPU
		{2EF1EDC1-950C-4887-92BD-05E324D41DC2}.Release|Any CPU.Build.0 = Release|Any CPU
		{01E1710F-56DE-4166-8600-52B270DC7806}.Debug|Any CPU.ActiveCfg = Debug|Any CPU
		{01E1710F-56DE-4166-8600-52B270DC7806}.Debug|Any CPU.Build.0 = Debug|Any CPU
		{01E1710F-56DE-4166-8600-52B270DC7806}.Release|Any CPU.ActiveCfg = Release|Any CPU
		{01E1710F-56DE-4166-8600-52B270DC7806}.Release|Any CPU.Build.0 = Release|Any CPU
		{56AE4394-B7BA-457E-B847-9D7F48DF454D}.Debug|Any CPU.ActiveCfg = Debug|Any CPU
		{56AE4394-B7BA-457E-B847-9D7F48DF454D}.Debug|Any CPU.Build.0 = Debug|Any CPU
		{56AE4394-B7BA-457E-B847-9D7F48DF454D}.Release|Any CPU.ActiveCfg = Release|Any CPU
		{56AE4394-B7BA-457E-B847-9D7F48DF454D}.Release|Any CPU.Build.0 = Release|Any CPU
		{3597B479-2A9A-4052-B0BE-DB181BFD28AA}.Debug|Any CPU.ActiveCfg = Debug|Any CPU
		{3597B479-2A9A-4052-B0BE-DB181BFD28AA}.Debug|Any CPU.Build.0 = Debug|Any CPU
		{3597B479-2A9A-4052-B0BE-DB181BFD28AA}.Release|Any CPU.ActiveCfg = Release|Any CPU
		{3597B479-2A9A-4052-B0BE-DB181BFD28AA}.Release|Any CPU.Build.0 = Release|Any CPU
	EndGlobalSection
	GlobalSection(SolutionProperties) = preSolution
		HideSolutionNode = FALSE
	EndGlobalSection
	GlobalSection(NestedProjects) = preSolution
		{5EC6D81F-CD7B-471B-9070-A74A7A0A5E3B} = {D9D59447-935D-486B-88E3-E60B844B4D61}
		{58CCC045-450B-4C19-81A2-AF4BDE4BDF99} = {D9D59447-935D-486B-88E3-E60B844B4D61}
		{AB33B2AA-E994-40A8-A281-1D0D3A390A9F} = {8B62F3F2-32D0-4C2F-8431-FC5BACF2CA44}
		{2EF1EDC1-950C-4887-92BD-05E324D41DC2} = {8B62F3F2-32D0-4C2F-8431-FC5BACF2CA44}
		{01E1710F-56DE-4166-8600-52B270DC7806} = {D9D59447-935D-486B-88E3-E60B844B4D61}
		{56AE4394-B7BA-457E-B847-9D7F48DF454D} = {8B62F3F2-32D0-4C2F-8431-FC5BACF2CA44}
		{3597B479-2A9A-4052-B0BE-DB181BFD28AA} = {8B62F3F2-32D0-4C2F-8431-FC5BACF2CA44}
	EndGlobalSection
EndGlobal
